
Microsoft Visual Studio Solution File, Format Version 12.00
# Visual Studio Express 15 for Windows Desktop
VisualStudioVersion = 15.0.33026.149
MinimumVisualStudioVersion = 10.0.40219.1
Project("{FAE04EC0-301F-11D3-BF4B-00C04F79EFBC}") = "ImagePanel", "ImagePanel\ImagePanel.csproj", "{DFF8723E-D812-48FC-B448-AE891BE67AF9}"
EndProject
Global
	GlobalSection(SolutionConfigurationPlatforms) = preSolution
		Debug|Any CPU = Debug|Any CPU
		Release|Any CPU = Release|Any CPU
	EndGlobalSection
	GlobalSection(ProjectConfigurationPlatforms) = postSolution
		{DFF8723E-D812-48FC-B448-AE891BE67AF9}.Debug|Any CPU.ActiveCfg = Debug|Any CPU
		{DFF8723E-D812-48FC-B448-AE891BE67AF9}.Debug|Any CPU.Build.0 = Debug|Any CPU
		{DFF8723E-D812-48FC-B448-AE891BE67AF9}.Release|Any CPU.ActiveCfg = Release|Any CPU
		{DFF8723E-D812-48FC-B448-AE891BE67AF9}.Release|Any CPU.Build.0 = Release|Any CPU
	EndGlobalSection
	GlobalSection(SolutionProperties) = preSolution
		HideSolutionNode = FALSE
	EndGlobalSection
	GlobalSection(ExtensibilityGlobals) = postSolution
		SolutionGuid = {EAE879AC-E935-478C-91D6-B3385389B944}
	EndGlobalSection
EndGlobal
